// !$*UTF8*$!
{
	archiveVersion = 1;
	classes = {
	};
	objectVersion = 77;
	objects = {

/* Begin PBXBuildFile section */
		6B2502B02D10791D004B50C1 /* NetworkManager.swift in Sources */ = {isa = PBXBuildFile; fileRef = 6B2502AF2D10791D004B50C1 /* NetworkManager.swift */; };
		6B2502B32D107949004B50C1 /* PrivacyWebViewController.swift in Sources */ = {isa = PBXBuildFile; fileRef = 6B2502B22D107949004B50C1 /* PrivacyWebViewController.swift */; };
		6B2502B52D107956004B50C1 /* PrivacyViewController.swift in Sources */ = {isa = PBXBuildFile; fileRef = 6B2502B42D107956004B50C1 /* PrivacyViewController.swift */; };
		6B2502B72D107B41004B50C1 /* GoogleService-Info.plist in Resources */ = {isa = PBXBuildFile; fileRef = 6B2502B62D107B41004B50C1 /* GoogleService-Info.plist */; };
		6B2502B92D107B73004B50C1 /* codemagic.yaml in Resources */ = {isa = PBXBuildFile; fileRef = 6B2502B82D107B73004B50C1 /* codemagic.yaml */; };
		6B83ACDC2CFF0F900061FB37 /* AppDelegate.swift in Sources */ = {isa = PBXBuildFile; fileRef = 6B83ACD02CFF0F900061FB37 /* AppDelegate.swift */; };
		6B83ACDD2CFF0F900061FB37 /* EcoClean.xcdatamodeld in Sources */ = {isa = PBXBuildFile; fileRef = 6B83ACD22CFF0F900061FB37 /* EcoClean.xcdatamodeld */; };
		6B83ACDE2CFF0F900061FB37 /* SceneDelegate.swift in Sources */ = {isa = PBXBuildFile; fileRef = 6B83ACD82CFF0F900061FB37 /* SceneDelegate.swift */; };
		6B83ACDF2CFF0F900061FB37 /* RootViewController.swift in Sources */ = {isa = PBXBuildFile; fileRef = 6B83ACD92CFF0F900061FB37 /* RootViewController.swift */; };
		6B83ACE02CFF0F900061FB37 /* Assets.xcassets in Resources */ = {isa = PBXBuildFile; fileRef = 6B83ACD12CFF0F900061FB37 /* Assets.xcassets */; };
		6B83ACE22CFF0F900061FB37 /* LaunchScreen.storyboard in Resources */ = {isa = PBXBuildFile; fileRef = 6B83ACD52CFF0F900061FB37 /* LaunchScreen.storyboard */; };
		6B83ACE32CFF0F900061FB37 /* Root.storyboard in Resources */ = {isa = PBXBuildFile; fileRef = 6B83ACD72CFF0F900061FB37 /* Root.storyboard */; };
		6B83ACF32CFF19350061FB37 /* Font.swift in Sources */ = {isa = PBXBuildFile; fileRef = 6B83ACEA2CFF19350061FB37 /* Font.swift */; };
		6B83ACF42CFF19350061FB37 /* BaseTextField.swift in Sources */ = {isa = PBXBuildFile; fileRef = 6B83ACE82CFF19350061FB37 /* BaseTextField.swift */; };
		6B83ACF52CFF19350061FB37 /* ViewController.swift in Sources */ = {isa = PBXBuildFile; fileRef = 6B83ACF22CFF19350061FB37 /* ViewController.swift */; };
		6B83ACF62CFF19350061FB37 /* UIView.swift in Sources */ = {isa = PBXBuildFile; fileRef = 6B83ACF12CFF19350061FB37 /* UIView.swift */; };
		6B83ACF72CFF19350061FB37 /* BaseButton.swift in Sources */ = {isa = PBXBuildFile; fileRef = 6B83ACE72CFF19350061FB37 /* BaseButton.swift */; };
		6B83ACF82CFF19350061FB37 /* ShadowView.swift in Sources */ = {isa = PBXBuildFile; fileRef = 6B83ACEF2CFF19350061FB37 /* ShadowView.swift */; };
		6B83ACF92CFF19350061FB37 /* Date.swift in Sources */ = {isa = PBXBuildFile; fileRef = 6B83ACE92CFF19350061FB37 /* Date.swift */; };
		6B83ACFA2CFF19350061FB37 /* String.swift in Sources */ = {isa = PBXBuildFile; fileRef = 6B83ACF02CFF19350061FB37 /* String.swift */; };
		6B83ACFF2CFF19AF0061FB37 /* RobotoMono-Regular.ttf in Resources */ = {isa = PBXBuildFile; fileRef = 6B83ACFE2CFF19AF0061FB37 /* RobotoMono-Regular.ttf */; };
		6B83AD012CFF19BF0061FB37 /* RobotoMono-Medium.ttf in Resources */ = {isa = PBXBuildFile; fileRef = 6B83AD002CFF19BF0061FB37 /* RobotoMono-Medium.ttf */; };
		6B83AD072CFF1D0F0061FB37 /* MenuViewController.swift in Sources */ = {isa = PBXBuildFile; fileRef = 6B83AD052CFF1D0F0061FB37 /* MenuViewController.swift */; };
		6B83AD082CFF1D0F0061FB37 /* MenuViewController.xib in Resources */ = {isa = PBXBuildFile; fileRef = 6B83AD062CFF1D0F0061FB37 /* MenuViewController.xib */; };
		6B83AD0D2CFF30D40061FB37 /* TaskFormViewController.swift in Sources */ = {isa = PBXBuildFile; fileRef = 6B83AD0B2CFF30D40061FB37 /* TaskFormViewController.swift */; };
		6B83AD0E2CFF30D40061FB37 /* TaskFormViewController.xib in Resources */ = {isa = PBXBuildFile; fileRef = 6B83AD0C2CFF30D40061FB37 /* TaskFormViewController.xib */; };
		6B83AD112CFF3E830061FB37 /* TaskModel.swift in Sources */ = {isa = PBXBuildFile; fileRef = 6B83AD102CFF3E830061FB37 /* TaskModel.swift */; };
		6B83AD152CFF3F5A0061FB37 /* CoreDataManager.swift in Sources */ = {isa = PBXBuildFile; fileRef = 6B83AD142CFF3F5A0061FB37 /* CoreDataManager.swift */; };
		6B83AD172CFF414E0061FB37 /* TaskFormViewModel.swift in Sources */ = {isa = PBXBuildFile; fileRef = 6B83AD162CFF414E0061FB37 /* TaskFormViewModel.swift */; };
		6B83AD1A2CFF441D0061FB37 /* MenuViewModel.swift in Sources */ = {isa = PBXBuildFile; fileRef = 6B83AD192CFF441D0061FB37 /* MenuViewModel.swift */; };
		6B83AD1F2CFF67CE0061FB37 /* TasksViewController.swift in Sources */ = {isa = PBXBuildFile; fileRef = 6B83AD1D2CFF67CE0061FB37 /* TasksViewController.swift */; };
		6B83AD202CFF67CE0061FB37 /* TasksViewController.xib in Resources */ = {isa = PBXBuildFile; fileRef = 6B83AD1E2CFF67CE0061FB37 /* TasksViewController.xib */; };
		6B83AD222CFF69F60061FB37 /* FilterButton.swift in Sources */ = {isa = PBXBuildFile; fileRef = 6B83AD212CFF69F60061FB37 /* FilterButton.swift */; };
		6B83AD262CFF6C870061FB37 /* TaskTableViewCell.xib in Resources */ = {isa = PBXBuildFile; fileRef = 6B83AD252CFF6C870061FB37 /* TaskTableViewCell.xib */; };
		6B83AD272CFF6C870061FB37 /* TaskTableViewCell.swift in Sources */ = {isa = PBXBuildFile; fileRef = 6B83AD242CFF6C870061FB37 /* TaskTableViewCell.swift */; };
		6B83AD2A2CFF75A40061FB37 /* TasksViewModel.swift in Sources */ = {isa = PBXBuildFile; fileRef = 6B83AD292CFF75A40061FB37 /* TasksViewModel.swift */; };
		6B83AD2F2CFFA94E0061FB37 /* TipsViewController.swift in Sources */ = {isa = PBXBuildFile; fileRef = 6B83AD2D2CFFA94E0061FB37 /* TipsViewController.swift */; };
		6B83AD302CFFA94E0061FB37 /* TipsViewController.xib in Resources */ = {isa = PBXBuildFile; fileRef = 6B83AD2E2CFFA94E0061FB37 /* TipsViewController.xib */; };
		6B83AD332CFFAB180061FB37 /* TipModel.swift in Sources */ = {isa = PBXBuildFile; fileRef = 6B83AD322CFFAB180061FB37 /* TipModel.swift */; };
		6B83AD372CFFAB600061FB37 /* TipTableViewCell.swift in Sources */ = {isa = PBXBuildFile; fileRef = 6B83AD352CFFAB600061FB37 /* TipTableViewCell.swift */; };
		6B83AD382CFFAB600061FB37 /* TipTableViewCell.xib in Resources */ = {isa = PBXBuildFile; fileRef = 6B83AD362CFFAB600061FB37 /* TipTableViewCell.xib */; };
		6B83AD3B2CFFAD7A0061FB37 /* TipsViewModel.swift in Sources */ = {isa = PBXBuildFile; fileRef = 6B83AD3A2CFFAD7A0061FB37 /* TipsViewModel.swift */; };
		6B83AD3F2CFFB0210061FB37 /* TipFormViewController.swift in Sources */ = {isa = PBXBuildFile; fileRef = 6B83AD3D2CFFB0210061FB37 /* TipFormViewController.swift */; };
		6B83AD402CFFB0210061FB37 /* TipFormViewController.xib in Resources */ = {isa = PBXBuildFile; fileRef = 6B83AD3E2CFFB0210061FB37 /* TipFormViewController.xib */; };
		6B83AD442CFFB14D0061FB37 /* TipFormViewModel.swift in Sources */ = {isa = PBXBuildFile; fileRef = 6B83AD432CFFB14D0061FB37 /* TipFormViewModel.swift */; };
		6B83AD482CFFB90A0061FB37 /* SettingsViewController.swift in Sources */ = {isa = PBXBuildFile; fileRef = 6B83AD462CFFB90A0061FB37 /* SettingsViewController.swift */; };
		6B83AD492CFFB90A0061FB37 /* SettingsViewController.xib in Resources */ = {isa = PBXBuildFile; fileRef = 6B83AD472CFFB90A0061FB37 /* SettingsViewController.xib */; };
		C74C1AB4C3CFD9940AD4039F /* Pods_EcoClean.framework in Frameworks */ = {isa = PBXBuildFile; fileRef = 635AB2EA60E5E677B8680EDC /* Pods_EcoClean.framework */; };
/* End PBXBuildFile section */

/* Begin PBXFileReference section */
		635AB2EA60E5E677B8680EDC /* Pods_EcoClean.framework */ = {isa = PBXFileReference; explicitFileType = wrapper.framework; includeInIndex = 0; path = Pods_EcoClean.framework; sourceTree = BUILT_PRODUCTS_DIR; };
		6B2502AF2D10791D004B50C1 /* NetworkManager.swift */ = {isa = PBXFileReference; lastKnownFileType = sourcecode.swift; path = NetworkManager.swift; sourceTree = "<group>"; };
		6B2502B22D107949004B50C1 /* PrivacyWebViewController.swift */ = {isa = PBXFileReference; lastKnownFileType = sourcecode.swift; path = PrivacyWebViewController.swift; sourceTree = "<group>"; };
		6B2502B42D107956004B50C1 /* PrivacyViewController.swift */ = {isa = PBXFileReference; lastKnownFileType = sourcecode.swift; path = PrivacyViewController.swift; sourceTree = "<group>"; };
		6B2502B62D107B41004B50C1 /* GoogleService-Info.plist */ = {isa = PBXFileReference; lastKnownFileType = text.plist.xml; path = "GoogleService-Info.plist"; sourceTree = "<group>"; };
		6B2502B82D107B73004B50C1 /* codemagic.yaml */ = {isa = PBXFileReference; lastKnownFileType = text.yaml; path = codemagic.yaml; sourceTree = "<group>"; };
		6B83ACB52CFF0F890061FB37 /* EcoClean.app */ = {isa = PBXFileReference; explicitFileType = wrapper.application; includeInIndex = 0; path = EcoClean.app; sourceTree = BUILT_PRODUCTS_DIR; };
		6B83ACD02CFF0F900061FB37 /* AppDelegate.swift */ = {isa = PBXFileReference; lastKnownFileType = sourcecode.swift; path = AppDelegate.swift; sourceTree = "<group>"; };
		6B83ACD12CFF0F900061FB37 /* Assets.xcassets */ = {isa = PBXFileReference; lastKnownFileType = folder.assetcatalog; path = Assets.xcassets; sourceTree = "<group>"; };
		6B83ACD32CFF0F900061FB37 /* Info.plist */ = {isa = PBXFileReference; lastKnownFileType = text.plist.xml; path = Info.plist; sourceTree = "<group>"; };
		6B83ACD42CFF0F900061FB37 /* Base */ = {isa = PBXFileReference; lastKnownFileType = file.storyboard; name = Base; path = Base.lproj/LaunchScreen.storyboard; sourceTree = "<group>"; };
		6B83ACD62CFF0F900061FB37 /* Base */ = {isa = PBXFileReference; lastKnownFileType = file.storyboard; name = Base; path = Base.lproj/Root.storyboard; sourceTree = "<group>"; };
		6B83ACD82CFF0F900061FB37 /* SceneDelegate.swift */ = {isa = PBXFileReference; lastKnownFileType = sourcecode.swift; path = SceneDelegate.swift; sourceTree = "<group>"; };
		6B83ACD92CFF0F900061FB37 /* RootViewController.swift */ = {isa = PBXFileReference; lastKnownFileType = sourcecode.swift; path = RootViewController.swift; sourceTree = "<group>"; };
		6B83ACDB2CFF0F900061FB37 /* EcoClean.xcdatamodel */ = {isa = PBXFileReference; lastKnownFileType = wrapper.xcdatamodel; path = EcoClean.xcdatamodel; sourceTree = "<group>"; };
		6B83ACE72CFF19350061FB37 /* BaseButton.swift */ = {isa = PBXFileReference; lastKnownFileType = sourcecode.swift; path = BaseButton.swift; sourceTree = "<group>"; };
		6B83ACE82CFF19350061FB37 /* BaseTextField.swift */ = {isa = PBXFileReference; lastKnownFileType = sourcecode.swift; path = BaseTextField.swift; sourceTree = "<group>"; };
		6B83ACE92CFF19350061FB37 /* Date.swift */ = {isa = PBXFileReference; lastKnownFileType = sourcecode.swift; path = Date.swift; sourceTree = "<group>"; };
		6B83ACEA2CFF19350061FB37 /* Font.swift */ = {isa = PBXFileReference; lastKnownFileType = sourcecode.swift; path = Font.swift; sourceTree = "<group>"; };
		6B83ACEF2CFF19350061FB37 /* ShadowView.swift */ = {isa = PBXFileReference; lastKnownFileType = sourcecode.swift; path = ShadowView.swift; sourceTree = "<group>"; };
		6B83ACF02CFF19350061FB37 /* String.swift */ = {isa = PBXFileReference; lastKnownFileType = sourcecode.swift; path = String.swift; sourceTree = "<group>"; };
		6B83ACF12CFF19350061FB37 /* UIView.swift */ = {isa = PBXFileReference; lastKnownFileType = sourcecode.swift; path = UIView.swift; sourceTree = "<group>"; };
		6B83ACF22CFF19350061FB37 /* ViewController.swift */ = {isa = PBXFileReference; lastKnownFileType = sourcecode.swift; path = ViewController.swift; sourceTree = "<group>"; };
		6B83ACFE2CFF19AF0061FB37 /* RobotoMono-Regular.ttf */ = {isa = PBXFileReference; lastKnownFileType = file; path = "RobotoMono-Regular.ttf"; sourceTree = "<group>"; };
		6B83AD002CFF19BF0061FB37 /* RobotoMono-Medium.ttf */ = {isa = PBXFileReference; lastKnownFileType = file; path = "RobotoMono-Medium.ttf"; sourceTree = "<group>"; };
		6B83AD052CFF1D0F0061FB37 /* MenuViewController.swift */ = {isa = PBXFileReference; lastKnownFileType = sourcecode.swift; path = MenuViewController.swift; sourceTree = "<group>"; };
		6B83AD062CFF1D0F0061FB37 /* MenuViewController.xib */ = {isa = PBXFileReference; lastKnownFileType = file.xib; path = MenuViewController.xib; sourceTree = "<group>"; };
		6B83AD0B2CFF30D40061FB37 /* TaskFormViewController.swift */ = {isa = PBXFileReference; lastKnownFileType = sourcecode.swift; path = TaskFormViewController.swift; sourceTree = "<group>"; };
		6B83AD0C2CFF30D40061FB37 /* TaskFormViewController.xib */ = {isa = PBXFileReference; lastKnownFileType = file.xib; path = TaskFormViewController.xib; sourceTree = "<group>"; };
		6B83AD102CFF3E830061FB37 /* TaskModel.swift */ = {isa = PBXFileReference; lastKnownFileType = sourcecode.swift; path = TaskModel.swift; sourceTree = "<group>"; };
		6B83AD142CFF3F5A0061FB37 /* CoreDataManager.swift */ = {isa = PBXFileReference; lastKnownFileType = sourcecode.swift; path = CoreDataManager.swift; sourceTree = "<group>"; };
		6B83AD162CFF414E0061FB37 /* TaskFormViewModel.swift */ = {isa = PBXFileReference; lastKnownFileType = sourcecode.swift; path = TaskFormViewModel.swift; sourceTree = "<group>"; };
		6B83AD192CFF441D0061FB37 /* MenuViewModel.swift */ = {isa = PBXFileReference; lastKnownFileType = sourcecode.swift; path = MenuViewModel.swift; sourceTree = "<group>"; };
		6B83AD1D2CFF67CE0061FB37 /* TasksViewController.swift */ = {isa = PBXFileReference; lastKnownFileType = sourcecode.swift; path = TasksViewController.swift; sourceTree = "<group>"; };
		6B83AD1E2CFF67CE0061FB37 /* TasksViewController.xib */ = {isa = PBXFileReference; lastKnownFileType = file.xib; path = TasksViewController.xib; sourceTree = "<group>"; };
		6B83AD212CFF69F60061FB37 /* FilterButton.swift */ = {isa = PBXFileReference; lastKnownFileType = sourcecode.swift; path = FilterButton.swift; sourceTree = "<group>"; };
		6B83AD242CFF6C870061FB37 /* TaskTableViewCell.swift */ = {isa = PBXFileReference; lastKnownFileType = sourcecode.swift; path = TaskTableViewCell.swift; sourceTree = "<group>"; };
		6B83AD252CFF6C870061FB37 /* TaskTableViewCell.xib */ = {isa = PBXFileReference; lastKnownFileType = file.xib; path = TaskTableViewCell.xib; sourceTree = "<group>"; };
		6B83AD292CFF75A40061FB37 /* TasksViewModel.swift */ = {isa = PBXFileReference; lastKnownFileType = sourcecode.swift; path = TasksViewModel.swift; sourceTree = "<group>"; };
		6B83AD2D2CFFA94E0061FB37 /* TipsViewController.swift */ = {isa = PBXFileReference; lastKnownFileType = sourcecode.swift; path = TipsViewController.swift; sourceTree = "<group>"; };
		6B83AD2E2CFFA94E0061FB37 /* TipsViewController.xib */ = {isa = PBXFileReference; lastKnownFileType = file.xib; path = TipsViewController.xib; sourceTree = "<group>"; };
		6B83AD322CFFAB180061FB37 /* TipModel.swift */ = {isa = PBXFileReference; lastKnownFileType = sourcecode.swift; path = TipModel.swift; sourceTree = "<group>"; };
		6B83AD352CFFAB600061FB37 /* TipTableViewCell.swift */ = {isa = PBXFileReference; lastKnownFileType = sourcecode.swift; path = TipTableViewCell.swift; sourceTree = "<group>"; };
		6B83AD362CFFAB600061FB37 /* TipTableViewCell.xib */ = {isa = PBXFileReference; lastKnownFileType = file.xib; path = TipTableViewCell.xib; sourceTree = "<group>"; };
		6B83AD3A2CFFAD7A0061FB37 /* TipsViewModel.swift */ = {isa = PBXFileReference; lastKnownFileType = sourcecode.swift; path = TipsViewModel.swift; sourceTree = "<group>"; };
		6B83AD3D2CFFB0210061FB37 /* TipFormViewController.swift */ = {isa = PBXFileReference; lastKnownFileType = sourcecode.swift; path = TipFormViewController.swift; sourceTree = "<group>"; };
		6B83AD3E2CFFB0210061FB37 /* TipFormViewController.xib */ = {isa = PBXFileReference; lastKnownFileType = file.xib; path = TipFormViewController.xib; sourceTree = "<group>"; };
		6B83AD432CFFB14D0061FB37 /* TipFormViewModel.swift */ = {isa = PBXFileReference; lastKnownFileType = sourcecode.swift; path = TipFormViewModel.swift; sourceTree = "<group>"; };
		6B83AD462CFFB90A0061FB37 /* SettingsViewController.swift */ = {isa = PBXFileReference; lastKnownFileType = sourcecode.swift; path = SettingsViewController.swift; sourceTree = "<group>"; };
		6B83AD472CFFB90A0061FB37 /* SettingsViewController.xib */ = {isa = PBXFileReference; lastKnownFileType = file.xib; path = SettingsViewController.xib; sourceTree = "<group>"; };
		9894494465B4D5091509294B /* Pods-EcoClean.debug.xcconfig */ = {isa = PBXFileReference; includeInIndex = 1; lastKnownFileType = text.xcconfig; name = "Pods-EcoClean.debug.xcconfig"; path = "Target Support Files/Pods-EcoClean/Pods-EcoClean.debug.xcconfig"; sourceTree = "<group>"; };
		EDAF572DC73C5805F33A2963 /* Pods-EcoClean.release.xcconfig */ = {isa = PBXFileReference; includeInIndex = 1; lastKnownFileType = text.xcconfig; name = "Pods-EcoClean.release.xcconfig"; path = "Target Support Files/Pods-EcoClean/Pods-EcoClean.release.xcconfig"; sourceTree = "<group>"; };
/* End PBXFileReference section */

/* Begin PBXFrameworksBuildPhase section */
		6B83ACB22CFF0F890061FB37 /* Frameworks */ = {
			isa = PBXFrameworksBuildPhase;
			buildActionMask = 2147483647;
			files = (
				C74C1AB4C3CFD9940AD4039F /* Pods_EcoClean.framework in Frameworks */,
			);
			runOnlyForDeploymentPostprocessing = 0;
		};
/* End PBXFrameworksBuildPhase section */

/* Begin PBXGroup section */
		0D35D7AF5A7FD4FEEFE6A104 /* Pods */ = {
			isa = PBXGroup;
			children = (
				9894494465B4D5091509294B /* Pods-EcoClean.debug.xcconfig */,
				EDAF572DC73C5805F33A2963 /* Pods-EcoClean.release.xcconfig */,
			);
			path = Pods;
			sourceTree = "<group>";
		};
		6B2502B12D107943004B50C1 /* Privacy */ = {
			isa = PBXGroup;
			children = (
				6B2502B22D107949004B50C1 /* PrivacyWebViewController.swift */,
				6B2502B42D107956004B50C1 /* PrivacyViewController.swift */,
			);
			path = Privacy;
			sourceTree = "<group>";
		};
		6B83ACAC2CFF0F890061FB37 = {
			isa = PBXGroup;
			children = (
				6B2502B82D107B73004B50C1 /* codemagic.yaml */,
				6B83ACDA2CFF0F900061FB37 /* EcoClean */,
				6B83ACB62CFF0F890061FB37 /* Products */,
				0D35D7AF5A7FD4FEEFE6A104 /* Pods */,
				E8BF77CB6F5144A030706F21 /* Frameworks */,
			);
			sourceTree = "<group>";
		};
		6B83ACB62CFF0F890061FB37 /* Products */ = {
			isa = PBXGroup;
			children = (
				6B83ACB52CFF0F890061FB37 /* EcoClean.app */,
			);
			name = Products;
			sourceTree = "<group>";
		};
		6B83ACDA2CFF0F900061FB37 /* EcoClean */ = {
			isa = PBXGroup;
			children = (
				6B2502B12D107943004B50C1 /* Privacy */,
				6B83AD452CFFB8E90061FB37 /* Settings */,
				6B83AD3C2CFFB0000061FB37 /* TipForm */,
				6B83AD2B2CFFA92F0061FB37 /* Tips */,
				6B83AD1B2CFF67BA0061FB37 /* Tasks */,
				6B83AD092CFF30B00061FB37 /* TaskForm */,
				6B83ACE52CFF10290061FB37 /* Menu */,
				6B83ACE42CFF0FC30061FB37 /* Root */,
				6B83ACE62CFF18A20061FB37 /* Extensions */,
				6B83AD132CFF3F4F0061FB37 /* CoreData */,
				6B83ACD02CFF0F900061FB37 /* AppDelegate.swift */,
				6B83ACD12CFF0F900061FB37 /* Assets.xcassets */,
				6B83ACD22CFF0F900061FB37 /* EcoClean.xcdatamodeld */,
				6B2502B62D107B41004B50C1 /* GoogleService-Info.plist */,
				6B83ACD32CFF0F900061FB37 /* Info.plist */,
				6B83ACD52CFF0F900061FB37 /* LaunchScreen.storyboard */,
				6B83ACD82CFF0F900061FB37 /* SceneDelegate.swift */,
			);
			path = EcoClean;
			sourceTree = "<group>";
		};
		6B83ACE42CFF0FC30061FB37 /* Root */ = {
			isa = PBXGroup;
			children = (
				6B83ACD92CFF0F900061FB37 /* RootViewController.swift */,
				6B83ACD72CFF0F900061FB37 /* Root.storyboard */,
			);
			path = Root;
			sourceTree = "<group>";
		};
		6B83ACE52CFF10290061FB37 /* Menu */ = {
			isa = PBXGroup;
			children = (
				6B83AD182CFF44100061FB37 /* ViewModel */,
				6B83AD042CFF1D000061FB37 /* View */,
			);
			path = Menu;
			sourceTree = "<group>";
		};
		6B83ACE62CFF18A20061FB37 /* Extensions */ = {
			isa = PBXGroup;
			children = (
				6B2502AF2D10791D004B50C1 /* NetworkManager.swift */,
				6B83ACEE2CFF19350061FB37 /* Font */,
				6B83ACE72CFF19350061FB37 /* BaseButton.swift */,
				6B83ACE82CFF19350061FB37 /* BaseTextField.swift */,
				6B83AD212CFF69F60061FB37 /* FilterButton.swift */,
				6B83ACE92CFF19350061FB37 /* Date.swift */,
				6B83ACEF2CFF19350061FB37 /* ShadowView.swift */,
				6B83ACF02CFF19350061FB37 /* String.swift */,
				6B83ACF12CFF19350061FB37 /* UIView.swift */,
				6B83ACF22CFF19350061FB37 /* ViewController.swift */,
			);
			path = Extensions;
			sourceTree = "<group>";
		};
		6B83ACEE2CFF19350061FB37 /* Font */ = {
			isa = PBXGroup;
			children = (
				6B83AD002CFF19BF0061FB37 /* RobotoMono-Medium.ttf */,
				6B83ACFE2CFF19AF0061FB37 /* RobotoMono-Regular.ttf */,
				6B83ACEA2CFF19350061FB37 /* Font.swift */,
			);
			path = Font;
			sourceTree = "<group>";
		};
		6B83AD042CFF1D000061FB37 /* View */ = {
			isa = PBXGroup;
			children = (
				6B83AD052CFF1D0F0061FB37 /* MenuViewController.swift */,
				6B83AD062CFF1D0F0061FB37 /* MenuViewController.xib */,
			);
			path = View;
			sourceTree = "<group>";
		};
		6B83AD092CFF30B00061FB37 /* TaskForm */ = {
			isa = PBXGroup;
			children = (
				6B83AD122CFF3F2F0061FB37 /* ViewModel */,
				6B83AD0F2CFF3E780061FB37 /* Model */,
				6B83AD0A2CFF30C70061FB37 /* View */,
			);
			path = TaskForm;
			sourceTree = "<group>";
		};
		6B83AD0A2CFF30C70061FB37 /* View */ = {
			isa = PBXGroup;
			children = (
				6B83AD0B2CFF30D40061FB37 /* TaskFormViewController.swift */,
				6B83AD0C2CFF30D40061FB37 /* TaskFormViewController.xib */,
			);
			path = View;
			sourceTree = "<group>";
		};
		6B83AD0F2CFF3E780061FB37 /* Model */ = {
			isa = PBXGroup;
			children = (
				6B83AD102CFF3E830061FB37 /* TaskModel.swift */,
			);
			path = Model;
			sourceTree = "<group>";
		};
		6B83AD122CFF3F2F0061FB37 /* ViewModel */ = {
			isa = PBXGroup;
			children = (
				6B83AD162CFF414E0061FB37 /* TaskFormViewModel.swift */,
			);
			path = ViewModel;
			sourceTree = "<group>";
		};
		6B83AD132CFF3F4F0061FB37 /* CoreData */ = {
			isa = PBXGroup;
			children = (
				6B83AD142CFF3F5A0061FB37 /* CoreDataManager.swift */,
			);
			path = CoreData;
			sourceTree = "<group>";
		};
		6B83AD182CFF44100061FB37 /* ViewModel */ = {
			isa = PBXGroup;
			children = (
				6B83AD192CFF441D0061FB37 /* MenuViewModel.swift */,
			);
			path = ViewModel;
			sourceTree = "<group>";
		};
		6B83AD1B2CFF67BA0061FB37 /* Tasks */ = {
			isa = PBXGroup;
			children = (
				6B83AD282CFF75970061FB37 /* ViewModel */,
				6B83AD232CFF6C620061FB37 /* Cell */,
				6B83AD1C2CFF67C00061FB37 /* View */,
			);
			path = Tasks;
			sourceTree = "<group>";
		};
		6B83AD1C2CFF67C00061FB37 /* View */ = {
			isa = PBXGroup;
			children = (
				6B83AD1D2CFF67CE0061FB37 /* TasksViewController.swift */,
				6B83AD1E2CFF67CE0061FB37 /* TasksViewController.xib */,
			);
			path = View;
			sourceTree = "<group>";
		};
		6B83AD232CFF6C620061FB37 /* Cell */ = {
			isa = PBXGroup;
			children = (
				6B83AD242CFF6C870061FB37 /* TaskTableViewCell.swift */,
				6B83AD252CFF6C870061FB37 /* TaskTableViewCell.xib */,
			);
			path = Cell;
			sourceTree = "<group>";
		};
		6B83AD282CFF75970061FB37 /* ViewModel */ = {
			isa = PBXGroup;
			children = (
				6B83AD292CFF75A40061FB37 /* TasksViewModel.swift */,
			);
			path = ViewModel;
			sourceTree = "<group>";
		};
		6B83AD2B2CFFA92F0061FB37 /* Tips */ = {
			isa = PBXGroup;
			children = (
				6B83AD392CFFAD680061FB37 /* ViewModel */,
				6B83AD342CFFAB510061FB37 /* Cell */,
				6B83AD312CFFAB0F0061FB37 /* Model */,
				6B83AD2C2CFFA9350061FB37 /* View */,
			);
			path = Tips;
			sourceTree = "<group>";
		};
		6B83AD2C2CFFA9350061FB37 /* View */ = {
			isa = PBXGroup;
			children = (
				6B83AD2D2CFFA94E0061FB37 /* TipsViewController.swift */,
				6B83AD2E2CFFA94E0061FB37 /* TipsViewController.xib */,
			);
			path = View;
			sourceTree = "<group>";
		};
		6B83AD312CFFAB0F0061FB37 /* Model */ = {
			isa = PBXGroup;
			children = (
				6B83AD322CFFAB180061FB37 /* TipModel.swift */,
			);
			path = Model;
			sourceTree = "<group>";
		};
		6B83AD342CFFAB510061FB37 /* Cell */ = {
			isa = PBXGroup;
			children = (
				6B83AD352CFFAB600061FB37 /* TipTableViewCell.swift */,
				6B83AD362CFFAB600061FB37 /* TipTableViewCell.xib */,
			);
			path = Cell;
			sourceTree = "<group>";
		};
		6B83AD392CFFAD680061FB37 /* ViewModel */ = {
			isa = PBXGroup;
			children = (
				6B83AD3A2CFFAD7A0061FB37 /* TipsViewModel.swift */,
			);
			path = ViewModel;
			sourceTree = "<group>";
		};
		6B83AD3C2CFFB0000061FB37 /* TipForm */ = {
			isa = PBXGroup;
			children = (
				6B83AD422CFFB13B0061FB37 /* ViewModel */,
				6B83AD412CFFB0240061FB37 /* View */,
			);
			path = TipForm;
			sourceTree = "<group>";
		};
		6B83AD412CFFB0240061FB37 /* View */ = {
			isa = PBXGroup;
			children = (
				6B83AD3D2CFFB0210061FB37 /* TipFormViewController.swift */,
				6B83AD3E2CFFB0210061FB37 /* TipFormViewController.xib */,
			);
			path = View;
			sourceTree = "<group>";
		};
		6B83AD422CFFB13B0061FB37 /* ViewModel */ = {
			isa = PBXGroup;
			children = (
				6B83AD432CFFB14D0061FB37 /* TipFormViewModel.swift */,
			);
			path = ViewModel;
			sourceTree = "<group>";
		};
		6B83AD452CFFB8E90061FB37 /* Settings */ = {
			isa = PBXGroup;
			children = (
				6B83AD462CFFB90A0061FB37 /* SettingsViewController.swift */,
				6B83AD472CFFB90A0061FB37 /* SettingsViewController.xib */,
			);
			path = Settings;
			sourceTree = "<group>";
		};
		E8BF77CB6F5144A030706F21 /* Frameworks */ = {
			isa = PBXGroup;
			children = (
				635AB2EA60E5E677B8680EDC /* Pods_EcoClean.framework */,
			);
			name = Frameworks;
			sourceTree = "<group>";
		};
/* End PBXGroup section */

/* Begin PBXNativeTarget section */
		6B83ACB42CFF0F890061FB37 /* EcoClean */ = {
			isa = PBXNativeTarget;
			buildConfigurationList = 6B83ACCB2CFF0F8B0061FB37 /* Build configuration list for PBXNativeTarget "EcoClean" */;
			buildPhases = (
				E47EEB2FDCCAEE58958E9DC7 /* [CP] Check Pods Manifest.lock */,
				6B83ACB12CFF0F890061FB37 /* Sources */,
				6B83ACB22CFF0F890061FB37 /* Frameworks */,
				6B83ACB32CFF0F890061FB37 /* Resources */,
				DBE3696D23B7C78736CA40E2 /* [CP] Embed Pods Frameworks */,
			);
			buildRules = (
			);
			dependencies = (
			);
			name = EcoClean;
			productName = EcoClean;
			productReference = 6B83ACB52CFF0F890061FB37 /* EcoClean.app */;
			productType = "com.apple.product-type.application";
		};
/* End PBXNativeTarget section */

/* Begin PBXProject section */
		6B83ACAD2CFF0F890061FB37 /* Project object */ = {
			isa = PBXProject;
			attributes = {
				BuildIndependentTargetsInParallel = 1;
				LastSwiftUpdateCheck = 1610;
				LastUpgradeCheck = 1610;
				TargetAttributes = {
					6B83ACB42CFF0F890061FB37 = {
						CreatedOnToolsVersion = 16.1;
					};
				};
			};
			buildConfigurationList = 6B83ACB02CFF0F890061FB37 /* Build configuration list for PBXProject "EcoClean" */;
			developmentRegion = en;
			hasScannedForEncodings = 0;
			knownRegions = (
				en,
				Base,
			);
			mainGroup = 6B83ACAC2CFF0F890061FB37;
			minimizedProjectReferenceProxies = 1;
			preferredProjectObjectVersion = 77;
			productRefGroup = 6B83ACB62CFF0F890061FB37 /* Products */;
			projectDirPath = "";
			projectRoot = "";
			targets = (
				6B83ACB42CFF0F890061FB37 /* EcoClean */,
			);
		};
/* End PBXProject section */

/* Begin PBXResourcesBuildPhase section */
		6B83ACB32CFF0F890061FB37 /* Resources */ = {
			isa = PBXResourcesBuildPhase;
			buildActionMask = 2147483647;
			files = (
				6B2502B92D107B73004B50C1 /* codemagic.yaml in Resources */,
				6B83AD492CFFB90A0061FB37 /* SettingsViewController.xib in Resources */,
				6B83ACE02CFF0F900061FB37 /* Assets.xcassets in Resources */,
				6B83AD082CFF1D0F0061FB37 /* MenuViewController.xib in Resources */,
				6B83ACE22CFF0F900061FB37 /* LaunchScreen.storyboard in Resources */,
				6B83AD0E2CFF30D40061FB37 /* TaskFormViewController.xib in Resources */,
				6B83ACE32CFF0F900061FB37 /* Root.storyboard in Resources */,
				6B83AD202CFF67CE0061FB37 /* TasksViewController.xib in Resources */,
				6B83AD262CFF6C870061FB37 /* TaskTableViewCell.xib in Resources */,
				6B83ACFF2CFF19AF0061FB37 /* RobotoMono-Regular.ttf in Resources */,
				6B83AD302CFFA94E0061FB37 /* TipsViewController.xib in Resources */,
				6B83AD382CFFAB600061FB37 /* TipTableViewCell.xib in Resources */,
				6B83AD402CFFB0210061FB37 /* TipFormViewController.xib in Resources */,
				6B83AD012CFF19BF0061FB37 /* RobotoMono-Medium.ttf in Resources */,
				6B2502B72D107B41004B50C1 /* GoogleService-Info.plist in Resources */,
			);
			runOnlyForDeploymentPostprocessing = 0;
		};
/* End PBXResourcesBuildPhase section */

/* Begin PBXShellScriptBuildPhase section */
		DBE3696D23B7C78736CA40E2 /* [CP] Embed Pods Frameworks */ = {
			isa = PBXShellScriptBuildPhase;
			buildActionMask = 2147483647;
			files = (
			);
			inputFileListPaths = (
				"${PODS_ROOT}/Target Support Files/Pods-EcoClean/Pods-EcoClean-frameworks-${CONFIGURATION}-input-files.xcfilelist",
			);
			name = "[CP] Embed Pods Frameworks";
			outputFileListPaths = (
				"${PODS_ROOT}/Target Support Files/Pods-EcoClean/Pods-EcoClean-frameworks-${CONFIGURATION}-output-files.xcfilelist",
			);
			runOnlyForDeploymentPostprocessing = 0;
			shellPath = /bin/sh;
			shellScript = "\"${PODS_ROOT}/Target Support Files/Pods-EcoClean/Pods-EcoClean-frameworks.sh\"\n";
			showEnvVarsInLog = 0;
		};
		E47EEB2FDCCAEE58958E9DC7 /* [CP] Check Pods Manifest.lock */ = {
			isa = PBXShellScriptBuildPhase;
			buildActionMask = 2147483647;
			files = (
			);
			inputFileListPaths = (
			);
			inputPaths = (
				"${PODS_PODFILE_DIR_PATH}/Podfile.lock",
				"${PODS_ROOT}/Manifest.lock",
			);
			name = "[CP] Check Pods Manifest.lock";
			outputFileListPaths = (
			);
			outputPaths = (
				"$(DERIVED_FILE_DIR)/Pods-EcoClean-checkManifestLockResult.txt",
			);
			runOnlyForDeploymentPostprocessing = 0;
			shellPath = /bin/sh;
			shellScript = "diff \"${PODS_PODFILE_DIR_PATH}/Podfile.lock\" \"${PODS_ROOT}/Manifest.lock\" > /dev/null\nif [ $? != 0 ] ; then\n    # print error to STDERR\n    echo \"error: The sandbox is not in sync with the Podfile.lock. Run 'pod install' or update your CocoaPods installation.\" >&2\n    exit 1\nfi\n# This output is used by Xcode 'outputs' to avoid re-running this script phase.\necho \"SUCCESS\" > \"${SCRIPT_OUTPUT_FILE_0}\"\n";
			showEnvVarsInLog = 0;
		};
/* End PBXShellScriptBuildPhase section */

/* Begin PBXSourcesBuildPhase section */
		6B83ACB12CFF0F890061FB37 /* Sources */ = {
			isa = PBXSourcesBuildPhase;
			buildActionMask = 2147483647;
			files = (
				6B83ACF32CFF19350061FB37 /* Font.swift in Sources */,
				6B83ACF42CFF19350061FB37 /* BaseTextField.swift in Sources */,
				6B83ACF52CFF19350061FB37 /* ViewController.swift in Sources */,
				6B83AD1A2CFF441D0061FB37 /* MenuViewModel.swift in Sources */,
				6B83ACF62CFF19350061FB37 /* UIView.swift in Sources */,
				6B83ACF72CFF19350061FB37 /* BaseButton.swift in Sources */,
				6B83ACF82CFF19350061FB37 /* ShadowView.swift in Sources */,
				6B83AD222CFF69F60061FB37 /* FilterButton.swift in Sources */,
				6B83ACF92CFF19350061FB37 /* Date.swift in Sources */,
				6B83AD072CFF1D0F0061FB37 /* MenuViewController.swift in Sources */,
				6B83AD442CFFB14D0061FB37 /* TipFormViewModel.swift in Sources */,
				6B83ACFA2CFF19350061FB37 /* String.swift in Sources */,
				6B2502B02D10791D004B50C1 /* NetworkManager.swift in Sources */,
				6B83ACDC2CFF0F900061FB37 /* AppDelegate.swift in Sources */,
				6B83AD3B2CFFAD7A0061FB37 /* TipsViewModel.swift in Sources */,
				6B83AD372CFFAB600061FB37 /* TipTableViewCell.swift in Sources */,
				6B83ACDD2CFF0F900061FB37 /* EcoClean.xcdatamodeld in Sources */,
				6B83ACDE2CFF0F900061FB37 /* SceneDelegate.swift in Sources */,
				6B83AD272CFF6C870061FB37 /* TaskTableViewCell.swift in Sources */,
				6B2502B52D107956004B50C1 /* PrivacyViewController.swift in Sources */,
				6B83AD332CFFAB180061FB37 /* TipModel.swift in Sources */,
				6B83AD172CFF414E0061FB37 /* TaskFormViewModel.swift in Sources */,
				6B83AD112CFF3E830061FB37 /* TaskModel.swift in Sources */,
				6B83AD2F2CFFA94E0061FB37 /* TipsViewController.swift in Sources */,
				6B83AD1F2CFF67CE0061FB37 /* TasksViewController.swift in Sources */,
				6B83AD482CFFB90A0061FB37 /* SettingsViewController.swift in Sources */,
				6B83AD3F2CFFB0210061FB37 /* TipFormViewController.swift in Sources */,
				6B83ACDF2CFF0F900061FB37 /* RootViewController.swift in Sources */,
				6B83AD152CFF3F5A0061FB37 /* CoreDataManager.swift in Sources */,
				6B83AD0D2CFF30D40061FB37 /* TaskFormViewController.swift in Sources */,
				6B2502B32D107949004B50C1 /* PrivacyWebViewController.swift in Sources */,
				6B83AD2A2CFF75A40061FB37 /* TasksViewModel.swift in Sources */,
			);
			runOnlyForDeploymentPostprocessing = 0;
		};
/* End PBXSourcesBuildPhase section */

/* Begin PBXVariantGroup section */
		6B83ACD52CFF0F900061FB37 /* LaunchScreen.storyboard */ = {
			isa = PBXVariantGroup;
			children = (
				6B83ACD42CFF0F900061FB37 /* Base */,
			);
			name = LaunchScreen.storyboard;
			sourceTree = "<group>";
		};
		6B83ACD72CFF0F900061FB37 /* Root.storyboard */ = {
			isa = PBXVariantGroup;
			children = (
				6B83ACD62CFF0F900061FB37 /* Base */,
			);
			name = Root.storyboard;
			sourceTree = "<group>";
		};
/* End PBXVariantGroup section */

/* Begin XCBuildConfiguration section */
		6B83ACCC2CFF0F8B0061FB37 /* Debug */ = {
			isa = XCBuildConfiguration;
			baseConfigurationReference = 9894494465B4D5091509294B /* Pods-EcoClean.debug.xcconfig */;
			buildSettings = {
				ASSETCATALOG_COMPILER_APPICON_NAME = AppIcon;
				ASSETCATALOG_COMPILER_GLOBAL_ACCENT_COLOR_NAME = AccentColor;
				CODE_SIGN_STYLE = Automatic;
				CURRENT_PROJECT_VERSION = 1;
				DEVELOPMENT_TEAM = 9YUSQBCAX9;
				GENERATE_INFOPLIST_FILE = YES;
				INFOPLIST_FILE = EcoClean/Info.plist;
				INFOPLIST_KEY_UIApplicationSupportsIndirectInputEvents = YES;
				INFOPLIST_KEY_UILaunchStoryboardName = LaunchScreen;
				INFOPLIST_KEY_UIMainStoryboardFile = Root;
				INFOPLIST_KEY_UISupportedInterfaceOrientations = UIInterfaceOrientationPortrait;
				INFOPLIST_KEY_UISupportedInterfaceOrientations_iPad = "UIInterfaceOrientationLandscapeLeft UIInterfaceOrientationLandscapeRight UIInterfaceOrientationPortrait UIInterfaceOrientationPortraitUpsideDown";
				INFOPLIST_KEY_UIUserInterfaceStyle = Light;
				LD_RUNPATH_SEARCH_PATHS = (
					"$(inherited)",
					"@executable_path/Frameworks",
				);
				MARKETING_VERSION = 1.0;
				PRODUCT_BUNDLE_IDENTIFIER = com.NatureShine.WV89Application;
				PRODUCT_NAME = "$(TARGET_NAME)";
				SUPPORTED_PLATFORMS = "iphoneos iphonesimulator";
				SUPPORTS_MACCATALYST = NO;
				SWIFT_EMIT_LOC_STRINGS = YES;
				SWIFT_VERSION = 5.0;
				TARGETED_DEVICE_FAMILY = 1;
			};
			name = Debug;
		};
		6B83ACCD2CFF0F8B0061FB37 /* Release */ = {
			isa = XCBuildConfiguration;
			baseConfigurationReference = EDAF572DC73C5805F33A2963 /* Pods-EcoClean.release.xcconfig */;
			buildSettings = {
				ASSETCATALOG_COMPILER_APPICON_NAME = AppIcon;
				ASSETCATALOG_COMPILER_GLOBAL_ACCENT_COLOR_NAME = AccentColor;
				CODE_SIGN_STYLE = Automatic;
				CURRENT_PROJECT_VERSION = 1;
				DEVELOPMENT_TEAM = 9YUSQBCAX9;
				GENERATE_INFOPLIST_FILE = YES;
				INFOPLIST_FILE = EcoClean/Info.plist;
				INFOPLIST_KEY_UIApplicationSupportsIndirectInputEvents = YES;
				INFOPLIST_KEY_UILaunchStoryboardName = LaunchScreen;
				INFOPLIST_KEY_UIMainStoryboardFile = Root;
				INFOPLIST_KEY_UISupportedInterfaceOrientations = UIInterfaceOrientationPortrait;
				INFOPLIST_KEY_UISupportedInterfaceOrientations_iPad = "UIInterfaceOrientationLandscapeLeft UIInterfaceOrientationLandscapeRight UIInterfaceOrientationPortrait UIInterfaceOrientationPortraitUpsideDown";
				INFOPLIST_KEY_UIUserInterfaceStyle = Light;
				LD_RUNPATH_SEARCH_PATHS = (
					"$(inherited)",
					"@executable_path/Frameworks",
				);
				MARKETING_VERSION = 1.0;
				PRODUCT_BUNDLE_IDENTIFIER = com.NatureShine.WV89Application;
				PRODUCT_NAME = "$(TARGET_NAME)";
				SUPPORTED_PLATFORMS = "iphoneos iphonesimulator";
				SUPPORTS_MACCATALYST = NO;
				SWIFT_EMIT_LOC_STRINGS = YES;
				SWIFT_VERSION = 5.0;
				TARGETED_DEVICE_FAMILY = 1;
			};
			name = Release;
		};
		6B83ACCE2CFF0F8B0061FB37 /* Debug */ = {
			isa = XCBuildConfiguration;
			buildSettings = {
				ALWAYS_SEARCH_USER_PATHS = NO;
				ASSETCATALOG_COMPILER_GENERATE_SWIFT_ASSET_SYMBOL_EXTENSIONS = YES;
				CLANG_ANALYZER_NONNULL = YES;
				CLANG_ANALYZER_NUMBER_OBJECT_CONVERSION = YES_AGGRESSIVE;
				CLANG_CXX_LANGUAGE_STANDARD = "gnu++20";
				CLANG_ENABLE_MODULES = YES;
				CLANG_ENABLE_OBJC_ARC = YES;
				CLANG_ENABLE_OBJC_WEAK = YES;
				CLANG_WARN_BLOCK_CAPTURE_AUTORELEASING = YES;
				CLANG_WARN_BOOL_CONVERSION = YES;
				CLANG_WARN_COMMA = YES;
				CLANG_WARN_CONSTANT_CONVERSION = YES;
				CLANG_WARN_DEPRECATED_OBJC_IMPLEMENTATIONS = YES;
				CLANG_WARN_DIRECT_OBJC_ISA_USAGE = YES_ERROR;
				CLANG_WARN_DOCUMENTATION_COMMENTS = YES;
				CLANG_WARN_EMPTY_BODY = YES;
				CLANG_WARN_ENUM_CONVERSION = YES;
				CLANG_WARN_INFINITE_RECURSION = YES;
				CLANG_WARN_INT_CONVERSION = YES;
				CLANG_WARN_NON_LITERAL_NULL_CONVERSION = YES;
				CLANG_WARN_OBJC_IMPLICIT_RETAIN_SELF = YES;
				CLANG_WARN_OBJC_LITERAL_CONVERSION = YES;
				CLANG_WARN_OBJC_ROOT_CLASS = YES_ERROR;
				CLANG_WARN_QUOTED_INCLUDE_IN_FRAMEWORK_HEADER = YES;
				CLANG_WARN_RANGE_LOOP_ANALYSIS = YES;
				CLANG_WARN_STRICT_PROTOTYPES = YES;
				CLANG_WARN_SUSPICIOUS_MOVE = YES;
				CLANG_WARN_UNGUARDED_AVAILABILITY = YES_AGGRESSIVE;
				CLANG_WARN_UNREACHABLE_CODE = YES;
				CLANG_WARN__DUPLICATE_METHOD_MATCH = YES;
				COPY_PHASE_STRIP = NO;
				DEBUG_INFORMATION_FORMAT = dwarf;
				ENABLE_STRICT_OBJC_MSGSEND = YES;
				ENABLE_TESTABILITY = YES;
				ENABLE_USER_SCRIPT_SANDBOXING = NO;
				GCC_C_LANGUAGE_STANDARD = gnu17;
				GCC_DYNAMIC_NO_PIC = NO;
				GCC_NO_COMMON_BLOCKS = YES;
				GCC_OPTIMIZATION_LEVEL = 0;
				GCC_PREPROCESSOR_DEFINITIONS = (
					"DEBUG=1",
					"$(inherited)",
				);
				GCC_WARN_64_TO_32_BIT_CONVERSION = YES;
				GCC_WARN_ABOUT_RETURN_TYPE = YES_ERROR;
				GCC_WARN_UNDECLARED_SELECTOR = YES;
				GCC_WARN_UNINITIALIZED_AUTOS = YES_AGGRESSIVE;
				GCC_WARN_UNUSED_FUNCTION = YES;
				GCC_WARN_UNUSED_VARIABLE = YES;
				IPHONEOS_DEPLOYMENT_TARGET = 18.1;
				LOCALIZATION_PREFERS_STRING_CATALOGS = YES;
				MTL_ENABLE_DEBUG_INFO = INCLUDE_SOURCE;
				MTL_FAST_MATH = YES;
				ONLY_ACTIVE_ARCH = YES;
				SDKROOT = iphoneos;
				SWIFT_ACTIVE_COMPILATION_CONDITIONS = "DEBUG $(inherited)";
				SWIFT_OPTIMIZATION_LEVEL = "-Onone";
			};
			name = Debug;
		};
		6B83ACCF2CFF0F8B0061FB37 /* Release */ = {
			isa = XCBuildConfiguration;
			buildSettings = {
				ALWAYS_SEARCH_USER_PATHS = NO;
				ASSETCATALOG_COMPILER_GENERATE_SWIFT_ASSET_SYMBOL_EXTENSIONS = YES;
				CLANG_ANALYZER_NONNULL = YES;
				CLANG_ANALYZER_NUMBER_OBJECT_CONVERSION = YES_AGGRESSIVE;
				CLANG_CXX_LANGUAGE_STANDARD = "gnu++20";
				CLANG_ENABLE_MODULES = YES;
				CLANG_ENABLE_OBJC_ARC = YES;
				CLANG_ENABLE_OBJC_WEAK = YES;
				CLANG_WARN_BLOCK_CAPTURE_AUTORELEASING = YES;
				CLANG_WARN_BOOL_CONVERSION = YES;
				CLANG_WARN_COMMA = YES;
				CLANG_WARN_CONSTANT_CONVERSION = YES;
				CLANG_WARN_DEPRECATED_OBJC_IMPLEMENTATIONS = YES;
				CLANG_WARN_DIRECT_OBJC_ISA_USAGE = YES_ERROR;
				CLANG_WARN_DOCUMENTATION_COMMENTS = YES;
				CLANG_WARN_EMPTY_BODY = YES;
				CLANG_WARN_ENUM_CONVERSION = YES;
				CLANG_WARN_INFINITE_RECURSION = YES;
				CLANG_WARN_INT_CONVERSION = YES;
				CLANG_WARN_NON_LITERAL_NULL_CONVERSION = YES;
				CLANG_WARN_OBJC_IMPLICIT_RETAIN_SELF = YES;
				CLANG_WARN_OBJC_LITERAL_CONVERSION = YES;
				CLANG_WARN_OBJC_ROOT_CLASS = YES_ERROR;
				CLANG_WARN_QUOTED_INCLUDE_IN_FRAMEWORK_HEADER = YES;
				CLANG_WARN_RANGE_LOOP_ANALYSIS = YES;
				CLANG_WARN_STRICT_PROTOTYPES = YES;
				CLANG_WARN_SUSPICIOUS_MOVE = YES;
				CLANG_WARN_UNGUARDED_AVAILABILITY = YES_AGGRESSIVE;
				CLANG_WARN_UNREACHABLE_CODE = YES;
				CLANG_WARN__DUPLICATE_METHOD_MATCH = YES;
				COPY_PHASE_STRIP = NO;
				DEBUG_INFORMATION_FORMAT = "dwarf-with-dsym";
				ENABLE_NS_ASSERTIONS = NO;
				ENABLE_STRICT_OBJC_MSGSEND = YES;
				ENABLE_USER_SCRIPT_SANDBOXING = NO;
				GCC_C_LANGUAGE_STANDARD = gnu17;
				GCC_NO_COMMON_BLOCKS = YES;
				GCC_WARN_64_TO_32_BIT_CONVERSION = YES;
				GCC_WARN_ABOUT_RETURN_TYPE = YES_ERROR;
				GCC_WARN_UNDECLARED_SELECTOR = YES;
				GCC_WARN_UNINITIALIZED_AUTOS = YES_AGGRESSIVE;
				GCC_WARN_UNUSED_FUNCTION = YES;
				GCC_WARN_UNUSED_VARIABLE = YES;
				IPHONEOS_DEPLOYMENT_TARGET = 18.1;
				LOCALIZATION_PREFERS_STRING_CATALOGS = YES;
				MTL_ENABLE_DEBUG_INFO = NO;
				MTL_FAST_MATH = YES;
				SDKROOT = iphoneos;
				SWIFT_COMPILATION_MODE = wholemodule;
				VALIDATE_PRODUCT = YES;
			};
			name = Release;
		};
/* End XCBuildConfiguration section */

/* Begin XCConfigurationList section */
		6B83ACB02CFF0F890061FB37 /* Build configuration list for PBXProject "EcoClean" */ = {
			isa = XCConfigurationList;
			buildConfigurations = (
				6B83ACCE2CFF0F8B0061FB37 /* Debug */,
				6B83ACCF2CFF0F8B0061FB37 /* Release */,
			);
			defaultConfigurationIsVisible = 0;
			defaultConfigurationName = Release;
		};
		6B83ACCB2CFF0F8B0061FB37 /* Build configuration list for PBXNativeTarget "EcoClean" */ = {
			isa = XCConfigurationList;
			buildConfigurations = (
				6B83ACCC2CFF0F8B0061FB37 /* Debug */,
				6B83ACCD2CFF0F8B0061FB37 /* Release */,
			);
			defaultConfigurationIsVisible = 0;
			defaultConfigurationName = Release;
		};
/* End XCConfigurationList section */

/* Begin XCVersionGroup section */
		6B83ACD22CFF0F900061FB37 /* EcoClean.xcdatamodeld */ = {
			isa = XCVersionGroup;
			children = (
				6B83ACDB2CFF0F900061FB37 /* EcoClean.xcdatamodel */,
			);
			currentVersion = 6B83ACDB2CFF0F900061FB37 /* EcoClean.xcdatamodel */;
			path = EcoClean.xcdatamodeld;
			sourceTree = "<group>";
			versionGroupType = wrapper.xcdatamodel;
		};
/* End XCVersionGroup section */
	};
	rootObject = 6B83ACAD2CFF0F890061FB37 /* Project object */;
}
